
Microsoft Visual Studio Solution File, Format Version 12.00
# Visual Studio Version 17
VisualStudioVersion = 17.3.32825.248
MinimumVisualStudioVersion = 10.0.40219.1
Project("{8BC9CEB8-8B4A-11D0-8D11-00A0C91BC942}") = "Stack()", "Stack()\Stack().vcxproj", "{2128ED4C-3113-4713-A777-870BAF471668}"
EndProject
Global
	GlobalSection(SolutionConfigurationPlatforms) = preSolution
		Debug|x64 = Debug|x64
		Debug|x86 = Debug|x86
		Release|x64 = Release|x64
		Release|x86 = Release|x86
	EndGlobalSection
	GlobalSection(ProjectConfigurationPlatforms) = postSolution
		{2128ED4C-3113-4713-A777-870BAF471668}.Debug|x64.ActiveCfg = Debug|x64
		{2128ED4C-3113-4713-A777-870BAF471668}.Debug|x64.Build.0 = Debug|x64
		{2128ED4C-3113-4713-A777-870BAF471668}.Debug|x86.ActiveCfg = Debug|Win32
		{2128ED4C-3113-4713-A777-870BAF471668}.Debug|x86.Build.0 = Debug|Win32
		{2128ED4C-3113-4713-A777-870BAF471668}.Release|x64.ActiveCfg = Release|x64
		{2128ED4C-3113-4713-A777-870BAF471668}.Release|x64.Build.0 = Release|x64
		{2128ED4C-3113-4713-A777-870BAF471668}.Release|x86.ActiveCfg = Release|Win32
		{2128ED4C-3113-4713-A777-870BAF471668}.Release|x86.Build.0 = Release|Win32
	EndGlobalSection
	GlobalSection(SolutionProperties) = preSolution
		HideSolutionNode = FALSE
	EndGlobalSection
	GlobalSection(ExtensibilityGlobals) = postSolution
		SolutionGuid = {84599AC4-62DD-4305-91E1-03B77A396CE2}
	EndGlobalSection
EndGlobal
